
Microsoft Visual Studio Solution File, Format Version 12.00
# Visual Studio Version 16
VisualStudioVersion = 16.0.30611.23
MinimumVisualStudioVersion = 10.0.40219.1
Project("{9A19103F-16F7-4668-BE54-9A1E7A4F7556}") = "TestDrivenDevelopmentWithBreakfast", "TestDrivenDevelopmentWithBreakfast\TestDrivenDevelopmentWithBreakfast.csproj", "{200D73B7-CCF9-4E7D-A43E-DA1B6BE9CBEE}"
EndProject
Project("{FAE04EC0-301F-11D3-BF4B-00C04F79EFBC}") = "BreakfastUnitTest", "BreakfastUnitTest\BreakfastUnitTest.csproj", "{200B83BB-F0FB-4CF3-A3F3-DD7948DC9C18}"
EndProject
Global
	GlobalSection(SolutionConfigurationPlatforms) = preSolution
		Debug|Any CPU = Debug|Any CPU
		Release|Any CPU = Release|Any CPU
	EndGlobalSection
	GlobalSection(ProjectConfigurationPlatforms) = postSolution
		{200D73B7-CCF9-4E7D-A43E-DA1B6BE9CBEE}.Debug|Any CPU.ActiveCfg = Debug|Any CPU
		{200D73B7-CCF9-4E7D-A43E-DA1B6BE9CBEE}.Debug|Any CPU.Build.0 = Debug|Any CPU
		{200D73B7-CCF9-4E7D-A43E-DA1B6BE9CBEE}.Release|Any CPU.ActiveCfg = Release|Any CPU
		{200D73B7-CCF9-4E7D-A43E-DA1B6BE9CBEE}.Release|Any CPU.Build.0 = Release|Any CPU
		{200B83BB-F0FB-4CF3-A3F3-DD7948DC9C18}.Debug|Any CPU.ActiveCfg = Debug|Any CPU
		{200B83BB-F0FB-4CF3-A3F3-DD7948DC9C18}.Debug|Any CPU.Build.0 = Debug|Any CPU
		{200B83BB-F0FB-4CF3-A3F3-DD7948DC9C18}.Release|Any CPU.ActiveCfg = Release|Any CPU
		{200B83BB-F0FB-4CF3-A3F3-DD7948DC9C18}.Release|Any CPU.Build.0 = Release|Any CPU
	EndGlobalSection
	GlobalSection(SolutionProperties) = preSolution
		HideSolutionNode = FALSE
	EndGlobalSection
	GlobalSection(ExtensibilityGlobals) = postSolution
		SolutionGuid = {345E9BDD-5224-4B52-A5B7-84D68F9FDC4D}
	EndGlobalSection
EndGlobal
